lockfileVersion: '9.0'

settings:
  autoInstallPeers: true
  excludeLinksFromLockfile: false

importers:

  .:
    dependencies:
      node-id3:
        specifier: ^0.2.9
        version: 0.2.9
      tough-cookie:
        specifier: ^6.0.1
        version: 6.0.1

packages:

  iconv-lite@0.6.2:
    resolution: {integrity: sha512-2y91h5OpQlolefMPmUlivelittSWy0rP+oYVpn6A7GwVHNE8AWzoYOBNmlwks3LobaJxgHCYZAnyNo2GgpNRNQ==}
    engines: {node: '>=0.10.0'}

  node-id3@0.2.9:
    resolution: {integrity: sha512-dSxhuxrkkGVRgUhDHFxdY0pilzOREcodO01HcZWfaRkCaPWGmo0dOgD8ygyL6ln4Iv4cmfRxAWn1WD9bIB9Bhw==}

  safer-buffer@2.1.2:
    resolution: {integrity: sha512-YZo3K82SD7Riyi0E1EQPojLz7kpepnSQI9IyPbHHg1XXXevb5dJI7tpyN2ADxGcQbHG7vcyRHk0cbwqcQriUtg==}

  tldts-core@7.4.1:
    resolution: {integrity: sha512-sc2nGvGbixlJRHwTh/qQdPXTxJU1UDJboGPQm4d/01YUJ9r/u6aeIulQvEaxUlvKDN7hb1qCLjax+jhVAPLa/g==}

  tldts@7.4.0:
    resolution: {integrity: sha512-yHBe+zVfzNZ3QfTPW/Z6KK1G2t340gFjMHqI/4KKSt/abzYydzuCnpqdaF5gCCABby+9Yfbj59oR5F2Fd5CBzg==}
    hasBin: true

  tough-cookie@6.0.1:
    resolution: {integrity: sha512-LktZQb3IeoUWB9lqR5EWTHgW/VTITCXg4D21M+lvybRVdylLrRMnqaIONLVb5mav8vM19m44HIcGq4qASeu2Qw==}
    engines: {node: '>=16'}

snapshots:

  iconv-lite@0.6.2:
    dependencies:
      safer-buffer: 2.1.2

  node-id3@0.2.9:
    dependencies:
      iconv-lite: 0.6.2

  safer-buffer@2.1.2: {}

  tldts-core@7.4.1: {}

  tldts@7.4.0:
    dependencies:
      tldts-core: 7.4.1

  tough-cookie@6.0.1:
    dependencies:
      tldts: 7.4.0
